
Microsoft Visual Studio Solution File, Format Version 12.00
# Visual Studio 2013
VisualStudioVersion = 12.0.31101.0
MinimumVisualStudioVersion = 10.0.40219.1
Project("{FAE04EC0-301F-11D3-BF4B-00C04F79EFBC}") = "TransparentPixels", "TransparentPixels\TransparentPixels.csproj", "{F465DE0D-7459-4CAB-8CA4-38CF5B336AED}"
EndProject
Global
	GlobalSection(SolutionConfigurationPlatforms) = preSolution
		Debug|Any CPU = Debug|Any CPU
		Release|Any CPU = Release|Any CPU
	EndGlobalSection
	GlobalSection(ProjectConfigurationPlatforms) = postSolution
		{F465DE0D-7459-4CAB-8CA4-38CF5B336AED}.Debug|Any CPU.ActiveCfg = Debug|Any CPU
		{F465DE0D-7459-4CAB-8CA4-38CF5B336AED}.Debug|Any CPU.Build.0 = Debug|Any CPU
		{F465DE0D-7459-4CAB-8CA4-38CF5B336AED}.Release|Any CPU.ActiveCfg = Release|Any CPU
		{F465DE0D-7459-4CAB-8CA4-38CF5B336AED}.Release|Any CPU.Build.0 = Release|Any CPU
	EndGlobalSection
	GlobalSection(SolutionProperties) = preSolution
		HideSolutionNode = FALSE
	EndGlobalSection
EndGlobal
